
Microsoft Visual Studio Solution File, Format Version 12.00
# Visual Studio 14
VisualStudioVersion = 14.0.25420.1
MinimumVisualStudioVersion = 10.0.40219.1
Project("{FAE04EC0-301F-11D3-BF4B-00C04F79EFBC}") = "PersonApplication", "PersonApplication\PersonApplication.csproj", "{101E63CE-2060-4B25-A888-5349AE6C2060}"
EndProject
Project("{FAE04EC0-301F-11D3-BF4B-00C04F79EFBC}") = "Teht2", "..\Teht2\Teht2.csproj", "{1D48BEE6-40B0-4377-B76B-91176B0DA275}"
EndProject
Project("{FAE04EC0-301F-11D3-BF4B-00C04F79EFBC}") = "teht02", "teht02\teht02.csproj", "{91A7FC63-08EF-476C-B138-39183C0C7433}"
EndProject
Global
	GlobalSection(SolutionConfigurationPlatforms) = preSolution
		Debug|Any CPU = Debug|Any CPU
		Release|Any CPU = Release|Any CPU
	EndGlobalSection
	GlobalSection(ProjectConfigurationPlatforms) = postSolution
		{101E63CE-2060-4B25-A888-5349AE6C2060}.Debug|Any CPU.ActiveCfg = Debug|Any CPU
		{101E63CE-2060-4B25-A888-5349AE6C2060}.Debug|Any CPU.Build.0 = Debug|Any CPU
		{101E63CE-2060-4B25-A888-5349AE6C2060}.Release|Any CPU.ActiveCfg = Release|Any CPU
		{101E63CE-2060-4B25-A888-5349AE6C2060}.Release|Any CPU.Build.0 = Release|Any CPU
		{1D48BEE6-40B0-4377-B76B-91176B0DA275}.Debug|Any CPU.ActiveCfg = Debug|Any CPU
		{1D48BEE6-40B0-4377-B76B-91176B0DA275}.Debug|Any CPU.Build.0 = Debug|Any CPU
		{1D48BEE6-40B0-4377-B76B-91176B0DA275}.Release|Any CPU.ActiveCfg = Release|Any CPU
		{1D48BEE6-40B0-4377-B76B-91176B0DA275}.Release|Any CPU.Build.0 = Release|Any CPU
		{91A7FC63-08EF-476C-B138-39183C0C7433}.Debug|Any CPU.ActiveCfg = Debug|Any CPU
		{91A7FC63-08EF-476C-B138-39183C0C7433}.Debug|Any CPU.Build.0 = Debug|Any CPU
		{91A7FC63-08EF-476C-B138-39183C0C7433}.Release|Any CPU.ActiveCfg = Release|Any CPU
		{91A7FC63-08EF-476C-B138-39183C0C7433}.Release|Any CPU.Build.0 = Release|Any CPU
	EndGlobalSection
	GlobalSection(SolutionProperties) = preSolution
		HideSolutionNode = FALSE
	EndGlobalSection
EndGlobal
